// !$*UTF8*$!
{
	archiveVersion = 1;
	classes = {
	};
	objectVersion = 50;
	objects = {

/* Begin PBXBuildFile section */
		A974AA0724E3172A00BAD331 /* AppDelegate.swift in Sources */ = {isa = PBXBuildFile; fileRef = A974AA0624E3172A00BAD331 /* AppDelegate.swift */; };
		A974AA0924E3172A00BAD331 /* SceneDelegate.swift in Sources */ = {isa = PBXBuildFile; fileRef = A974AA0824E3172A00BAD331 /* SceneDelegate.swift */; };
		A974AA0B24E3172A00BAD331 /* ContentView.swift in Sources */ = {isa = PBXBuildFile; fileRef = A974AA0A24E3172A00BAD331 /* ContentView.swift */; };
		A974AA0D24E3172D00BAD331 /* Assets.xcassets in Resources */ = {isa = PBXBuildFile; fileRef = A974AA0C24E3172D00BAD331 /* Assets.xcassets */; };
		A974AA1024E3172D00BAD331 /* Preview Assets.xcassets in Resources */ = {isa = PBXBuildFile; fileRef = A974AA0F24E3172D00BAD331 /* Preview Assets.xcassets */; };
		A974AA1324E3172D00BAD331 /* LaunchScreen.storyboard in Resources */ = {isa = PBXBuildFile; fileRef = A974AA1124E3172D00BAD331 /* LaunchScreen.storyboard */; };
		A974AA1B24E31D6C00BAD331 /* Colors.xcassets in Resources */ = {isa = PBXBuildFile; fileRef = A974AA1A24E31D6C00BAD331 /* Colors.xcassets */; };
		A974AA1D24E3291B00BAD331 /* Components.swift in Sources */ = {isa = PBXBuildFile; fileRef = A974AA1C24E3291B00BAD331 /* Components.swift */; };
/* End PBXBuildFile section */

/* Begin PBXFileReference section */
		A974AA0324E3172A00BAD331 /* SwiftUIBits.app */ = {isa = PBXFileReference; explicitFileType = wrapper.application; includeInIndex = 0; path = SwiftUIBits.app; sourceTree = BUILT_PRODUCTS_DIR; };
		A974AA0624E3172A00BAD331 /* AppDelegate.swift */ = {isa = PBXFileReference; lastKnownFileType = sourcecode.swift; path = AppDelegate.swift; sourceTree = "<group>"; };
		A974AA0824E3172A00BAD331 /* SceneDelegate.swift */ = {isa = PBXFileReference; lastKnownFileType = sourcecode.swift; path = SceneDelegate.swift; sourceTree = "<group>"; };
		A974AA0A24E3172A00BAD331 /* ContentView.swift */ = {isa = PBXFileReference; lastKnownFileType = sourcecode.swift; path = ContentView.swift; sourceTree = "<group>"; };
		A974AA0C24E3172D00BAD331 /* Assets.xcassets */ = {isa = PBXFileReference; lastKnownFileType = folder.assetcatalog; path = Assets.xcassets; sourceTree = "<group>"; };
		A974AA0F24E3172D00BAD331 /* Preview Assets.xcassets */ = {isa = PBXFileReference; lastKnownFileType = folder.assetcatalog; path = "Preview Assets.xcassets"; sourceTree = "<group>"; };
		A974AA1224E3172D00BAD331 /* Base */ = {isa = PBXFileReference; lastKnownFileType = file.storyboard; name = Base; path = Base.lproj/LaunchScreen.storyboard; sourceTree = "<group>"; };
		A974AA1424E3172D00BAD331 /* Info.plist */ = {isa = PBXFileReference; lastKnownFileType = text.plist.xml; path = Info.plist; sourceTree = "<group>"; };
		A974AA1A24E31D6C00BAD331 /* Colors.xcassets */ = {isa = PBXFileReference; lastKnownFileType = folder.assetcatalog; path = Colors.xcassets; sourceTree = "<group>"; };
		A974AA1C24E3291B00BAD331 /* Components.swift */ = {isa = PBXFileReference; lastKnownFileType = sourcecode.swift; path = Components.swift; sourceTree = "<group>"; };
/* End PBXFileReference section */

/* Begin PBXFrameworksBuildPhase section */
		A974AA0024E3172A00BAD331 /* Frameworks */ = {
			isa = PBXFrameworksBuildPhase;
			buildActionMask = 2147483647;
			files = (
			);
			runOnlyForDeploymentPostprocessing = 0;
		};
/* End PBXFrameworksBuildPhase section */

/* Begin PBXGroup section */
		A974A9FA24E3172A00BAD331 = {
			isa = PBXGroup;
			children = (
				A974AA0524E3172A00BAD331 /* SwiftUIBits */,
				A974AA0424E3172A00BAD331 /* Products */,
			);
			sourceTree = "<group>";
		};
		A974AA0424E3172A00BAD331 /* Products */ = {
			isa = PBXGroup;
			children = (
				A974AA0324E3172A00BAD331 /* SwiftUIBits.app */,
			);
			name = Products;
			sourceTree = "<group>";
		};
		A974AA0524E3172A00BAD331 /* SwiftUIBits */ = {
			isa = PBXGroup;
			children = (
				A974AA0624E3172A00BAD331 /* AppDelegate.swift */,
				A974AA0824E3172A00BAD331 /* SceneDelegate.swift */,
				A974AA0A24E3172A00BAD331 /* ContentView.swift */,
				A974AA1C24E3291B00BAD331 /* Components.swift */,
				A974AA0C24E3172D00BAD331 /* Assets.xcassets */,
				A974AA1A24E31D6C00BAD331 /* Colors.xcassets */,
				A974AA1124E3172D00BAD331 /* LaunchScreen.storyboard */,
				A974AA1424E3172D00BAD331 /* Info.plist */,
				A974AA0E24E3172D00BAD331 /* Preview Content */,
			);
			path = SwiftUIBits;
			sourceTree = "<group>";
		};
		A974AA0E24E3172D00BAD331 /* Preview Content */ = {
			isa = PBXGroup;
			children = (
				A974AA0F24E3172D00BAD331 /* Preview Assets.xcassets */,
			);
			path = "Preview Content";
			sourceTree = "<group>";
		};
/* End PBXGroup section */

/* Begin PBXNativeTarget section */
		A974AA0224E3172A00BAD331 /* SwiftUIBits */ = {
			isa = PBXNativeTarget;
			buildConfigurationList = A974AA1724E3172D00BAD331 /* Build configuration list for PBXNativeTarget "SwiftUIBits" */;
			buildPhases = (
				A974A9FF24E3172A00BAD331 /* Sources */,
				A974AA0024E3172A00BAD331 /* Frameworks */,
				A974AA0124E3172A00BAD331 /* Resources */,
			);
			buildRules = (
			);
			dependencies = (
			);
			name = SwiftUIBits;
			productName = SwiftUIBits;
			productReference = A974AA0324E3172A00BAD331 /* SwiftUIBits.app */;
			productType = "com.apple.product-type.application";
		};
/* End PBXNativeTarget section */

/* Begin PBXProject section */
		A974A9FB24E3172A00BAD331 /* Project object */ = {
			isa = PBXProject;
			attributes = {
				LastSwiftUpdateCheck = 1160;
				LastUpgradeCheck = 1160;
				ORGANIZATIONNAME = "Peter Pohlmann";
				TargetAttributes = {
					A974AA0224E3172A00BAD331 = {
						CreatedOnToolsVersion = 11.6;
					};
				};
			};
			buildConfigurationList = A974A9FE24E3172A00BAD331 /* Build configuration list for PBXProject "SwiftUIBits" */;
			compatibilityVersion = "Xcode 9.3";
			developmentRegion = en;
			hasScannedForEncodings = 0;
			knownRegions = (
				en,
				Base,
			);
			mainGroup = A974A9FA24E3172A00BAD331;
			productRefGroup = A974AA0424E3172A00BAD331 /* Products */;
			projectDirPath = "";
			projectRoot = "";
			targets = (
				A974AA0224E3172A00BAD331 /* SwiftUIBits */,
			);
		};
/* End PBXProject section */

/* Begin PBXResourcesBuildPhase section */
		A974AA0124E3172A00BAD331 /* Resources */ = {
			isa = PBXResourcesBuildPhase;
			buildActionMask = 2147483647;
			files = (
				A974AA1324E3172D00BAD331 /* LaunchScreen.storyboard in Resources */,
				A974AA1B24E31D6C00BAD331 /* Colors.xcassets in Resources */,
				A974AA1024E3172D00BAD331 /* Preview Assets.xcassets in Resources */,
				A974AA0D24E3172D00BAD331 /* Assets.xcassets in Resources */,
			);
			runOnlyForDeploymentPostprocessing = 0;
		};
/* End PBXResourcesBuildPhase section */

/* Begin PBXSourcesBuildPhase section */
		A974A9FF24E3172A00BAD331 /* Sources */ = {
			isa = PBXSourcesBuildPhase;
			buildActionMask = 2147483647;
			files = (
				A974AA0724E3172A00BAD331 /* AppDelegate.swift in Sources */,
				A974AA1D24E3291B00BAD331 /* Components.swift in Sources */,
				A974AA0924E3172A00BAD331 /* SceneDelegate.swift in Sources */,
				A974AA0B24E3172A00BAD331 /* ContentView.swift in Sources */,
			);
			runOnlyForDeploymentPostprocessing = 0;
		};
/* End PBXSourcesBuildPhase section */

/* Begin PBXVariantGroup section */
		A974AA1124E3172D00BAD331 /* LaunchScreen.storyboard */ = {
			isa = PBXVariantGroup;
			children = (
				A974AA1224E3172D00BAD331 /* Base */,
			);
			name = LaunchScreen.storyboard;
			sourceTree = "<group>";
		};
/* End PBXVariantGroup section */

/* Begin XCBuildConfiguration section */
		A974AA1524E3172D00BAD331 /* Debug */ = {
			isa = XCBuildConfiguration;
			buildSettings = {
				ALWAYS_SEARCH_USER_PATHS = NO;
				CLANG_ANALYZER_NONNULL = YES;
				CLANG_ANALYZER_NUMBER_OBJECT_CONVERSION = YES_AGGRESSIVE;
				CLANG_CXX_LANGUAGE_STANDARD = "gnu++14";
				CLANG_CXX_LIBRARY = "libc++";
				CLANG_ENABLE_MODULES = YES;
				CLANG_ENABLE_OBJC_ARC = YES;
				CLANG_ENABLE_OBJC_WEAK = YES;
				CLANG_WARN_BLOCK_CAPTURE_AUTORELEASING = YES;
				CLANG_WARN_BOOL_CONVERSION = YES;
				CLANG_WARN_COMMA = YES;
				CLANG_WARN_CONSTANT_CONVERSION = YES;
				CLANG_WARN_DEPRECATED_OBJC_IMPLEMENTATIONS = YES;
				CLANG_WARN_DIRECT_OBJC_ISA_USAGE = YES_ERROR;
				CLANG_WARN_DOCUMENTATION_COMMENTS = YES;
				CLANG_WARN_EMPTY_BODY = YES;
				CLANG_WARN_ENUM_CONVERSION = YES;
				CLANG_WARN_INFINITE_RECURSION = YES;
				CLANG_WARN_INT_CONVERSION = YES;
				CLANG_WARN_NON_LITERAL_NULL_CONVERSION = YES;
				CLANG_WARN_OBJC_IMPLICIT_RETAIN_SELF = YES;
				CLANG_WARN_OBJC_LITERAL_CONVERSION = YES;
				CLANG_WARN_OBJC_ROOT_CLASS = YES_ERROR;
				CLANG_WARN_RANGE_LOOP_ANALYSIS = YES;
				CLANG_WARN_STRICT_PROTOTYPES = YES;
				CLANG_WARN_SUSPICIOUS_MOVE = YES;
				CLANG_WARN_UNGUARDED_AVAILABILITY = YES_AGGRESSIVE;
				CLANG_WARN_UNREACHABLE_CODE = YES;
				CLANG_WARN__DUPLICATE_METHOD_MATCH = YES;
				COPY_PHASE_STRIP = NO;
				DEBUG_INFORMATION_FORMAT = dwarf;
				ENABLE_STRICT_OBJC_MSGSEND = YES;
				ENABLE_TESTABILITY = YES;
				GCC_C_LANGUAGE_STANDARD = gnu11;
				GCC_DYNAMIC_NO_PIC = NO;
				GCC_NO_COMMON_BLOCKS = YES;
				GCC_OPTIMIZATION_LEVEL = 0;
				GCC_PREPROCESSOR_DEFINITIONS = (
					"DEBUG=1",
					"$(inherited)",
				);
				GCC_WARN_64_TO_32_BIT_CONVERSION = YES;
				GCC_WARN_ABOUT_RETURN_TYPE = YES_ERROR;
				GCC_WARN_UNDECLARED_SELECTOR = YES;
				GCC_WARN_UNINITIALIZED_AUTOS = YES_AGGRESSIVE;
				GCC_WARN_UNUSED_FUNCTION = YES;
				GCC_WARN_UNUSED_VARIABLE = YES;
				IPHONEOS_DEPLOYMENT_TARGET = 13.6;
				MTL_ENABLE_DEBUG_INFO = INCLUDE_SOURCE;
				MTL_FAST_MATH = YES;
				ONLY_ACTIVE_ARCH = YES;
				SDKROOT = iphoneos;
				SWIFT_ACTIVE_COMPILATION_CONDITIONS = DEBUG;
				SWIFT_OPTIMIZATION_LEVEL = "-Onone";
			};
			name = Debug;
		};
		A974AA1624E3172D00BAD331 /* Release */ = {
			isa = XCBuildConfiguration;
			buildSettings = {
				ALWAYS_SEARCH_USER_PATHS = NO;
				CLANG_ANALYZER_NONNULL = YES;
				CLANG_ANALYZER_NUMBER_OBJECT_CONVERSION = YES_AGGRESSIVE;
				CLANG_CXX_LANGUAGE_STANDARD = "gnu++14";
				CLANG_CXX_LIBRARY = "libc++";
				CLANG_ENABLE_MODULES = YES;
				CLANG_ENABLE_OBJC_ARC = YES;
				CLANG_ENABLE_OBJC_WEAK = YES;
				CLANG_WARN_BLOCK_CAPTURE_AUTORELEASING = YES;
				CLANG_WARN_BOOL_CONVERSION = YES;
				CLANG_WARN_COMMA = YES;
				CLANG_WARN_CONSTANT_CONVERSION = YES;
				CLANG_WARN_DEPRECATED_OBJC_IMPLEMENTATIONS = YES;
				CLANG_WARN_DIRECT_OBJC_ISA_USAGE = YES_ERROR;
				CLANG_WARN_DOCUMENTATION_COMMENTS = YES;
				CLANG_WARN_EMPTY_BODY = YES;
				CLANG_WARN_ENUM_CONVERSION = YES;
				CLANG_WARN_INFINITE_RECURSION = YES;
				CLANG_WARN_INT_CONVERSION = YES;
				CLANG_WARN_NON_LITERAL_NULL_CONVERSION = YES;
				CLANG_WARN_OBJC_IMPLICIT_RETAIN_SELF = YES;
				CLANG_WARN_OBJC_LITERAL_CONVERSION = YES;
				CLANG_WARN_OBJC_ROOT_CLASS = YES_ERROR;
				CLANG_WARN_RANGE_LOOP_ANALYSIS = YES;
				CLANG_WARN_STRICT_PROTOTYPES = YES;
				CLANG_WARN_SUSPICIOUS_MOVE = YES;
				CLANG_WARN_UNGUARDED_AVAILABILITY = YES_AGGRESSIVE;
				CLANG_WARN_UNREACHABLE_CODE = YES;
				CLANG_WARN__DUPLICATE_METHOD_MATCH = YES;
				COPY_PHASE_STRIP = NO;
				DEBUG_INFORMATION_FORMAT = "dwarf-with-dsym";
				ENABLE_NS_ASSERTIONS = NO;
				ENABLE_STRICT_OBJC_MSGSEND = YES;
				GCC_C_LANGUAGE_STANDARD = gnu11;
				GCC_NO_COMMON_BLOCKS = YES;
				GCC_WARN_64_TO_32_BIT_CONVERSION = YES;
				GCC_WARN_ABOUT_RETURN_TYPE = YES_ERROR;
				GCC_WARN_UNDECLARED_SELECTOR = YES;
				GCC_WARN_UNINITIALIZED_AUTOS = YES_AGGRESSIVE;
				GCC_WARN_UNUSED_FUNCTION = YES;
				GCC_WARN_UNUSED_VARIABLE = YES;
				IPHONEOS_DEPLOYMENT_TARGET = 13.6;
				MTL_ENABLE_DEBUG_INFO = NO;
				MTL_FAST_MATH = YES;
				SDKROOT = iphoneos;
				SWIFT_COMPILATION_MODE = wholemodule;
				SWIFT_OPTIMIZATION_LEVEL = "-O";
				VALIDATE_PRODUCT = YES;
			};
			name = Release;
		};
		A974AA1824E3172D00BAD331 /* Debug */ = {
			isa = XCBuildConfiguration;
			buildSettings = {
				ASSETCATALOG_COMPILER_APPICON_NAME = AppIcon;
				CODE_SIGN_STYLE = Automatic;
				DEVELOPMENT_ASSET_PATHS = "\"SwiftUIBits/Preview Content\"";
				DEVELOPMENT_TEAM = 4RGRETYKQ9;
				ENABLE_PREVIEWS = YES;
				INFOPLIST_FILE = SwiftUIBits/Info.plist;
				LD_RUNPATH_SEARCH_PATHS = (
					"$(inherited)",
					"@executable_path/Frameworks",
				);
				PRODUCT_BUNDLE_IDENTIFIER = solare.io.SwiftUIBits;
				PRODUCT_NAME = "$(TARGET_NAME)";
				SWIFT_VERSION = 5.0;
				TARGETED_DEVICE_FAMILY = "1,2";
			};
			name = Debug;
		};
		A974AA1924E3172D00BAD331 /* Release */ = {
			isa = XCBuildConfiguration;
			buildSettings = {
				ASSETCATALOG_COMPILER_APPICON_NAME = AppIcon;
				CODE_SIGN_STYLE = Automatic;
				DEVELOPMENT_ASSET_PATHS = "\"SwiftUIBits/Preview Content\"";
				DEVELOPMENT_TEAM = 4RGRETYKQ9;
				ENABLE_PREVIEWS = YES;
				INFOPLIST_FILE = SwiftUIBits/Info.plist;
				LD_RUNPATH_SEARCH_PATHS = (
					"$(inherited)",
					"@executable_path/Frameworks",
				);
				PRODUCT_BUNDLE_IDENTIFIER = solare.io.SwiftUIBits;
				PRODUCT_NAME = "$(TARGET_NAME)";
				SWIFT_VERSION = 5.0;
				TARGETED_DEVICE_FAMILY = "1,2";
			};
			name = Release;
		};
/* End XCBuildConfiguration section */

/* Begin XCConfigurationList section */
		A974A9FE24E3172A00BAD331 /* Build configuration list for PBXProject "SwiftUIBits" */ = {
			isa = XCConfigurationList;
			buildConfigurations = (
				A974AA1524E3172D00BAD331 /* Debug */,
				A974AA1624E3172D00BAD331 /* Release */,
			);
			defaultConfigurationIsVisible = 0;
			defaultConfigurationName = Release;
		};
		A974AA1724E3172D00BAD331 /* Build configuration list for PBXNativeTarget "SwiftUIBits" */ = {
			isa = XCConfigurationList;
			buildConfigurations = (
				A974AA1824E3172D00BAD331 /* Debug */,
				A974AA1924E3172D00BAD331 /* Release */,
			);
			defaultConfigurationIsVisible = 0;
			defaultConfigurationName = Release;
		};
/* End XCConfigurationList section */
	};
	rootObject = A974A9FB24E3172A00BAD331 /* Project object */;
}
